
Microsoft Visual Studio Solution File, Format Version 12.00
# Visual Studio Version 17
VisualStudioVersion = 17.8.34511.84
MinimumVisualStudioVersion = 10.0.40219.1
Project("{2150E333-8FDC-42A3-9474-1A3956D46DE8}") = "src", "src", "{A016F021-85E1-4A4A-8D30-254840EA4593}"
EndProject
Project("{2150E333-8FDC-42A3-9474-1A3956D46DE8}") = "Projections", "Projections", "{CE711755-8509-4DC1-B128-95A82DD84986}"
EndProject
Project("{2150E333-8FDC-42A3-9474-1A3956D46DE8}") = "Common", "Common", "{827900EE-742B-4DA2-9456-BC807C35B543}"
EndProject
Project("{2150E333-8FDC-42A3-9474-1A3956D46DE8}") = "Client", "Client", "{B9F58C1B-84CC-43E9-8B6B-205D8F6D5E5A}"
EndProject
Project("{2150E333-8FDC-42A3-9474-1A3956D46DE8}") = "Server", "Server", "{A7217D4C-D748-47E0-BAC0-CC1044A99EB1}"
EndProject
Project("{2150E333-8FDC-42A3-9474-1A3956D46DE8}") = "Api", "Api", "{E844E86F-27FB-4587-BB92-45BB38DDB5CC}"
EndProject
Project("{2150E333-8FDC-42A3-9474-1A3956D46DE8}") = "Core", "Core", "{DF86123F-83F8-4ADD-ABDE-8BAA2A92EC38}"
EndProject
Project("{2150E333-8FDC-42A3-9474-1A3956D46DE8}") = "Infrastructure", "Infrastructure", "{96BC4B38-17C5-4346-A82E-BFDDD2ABDA46}"
EndProject
Project("{FAE04EC0-301F-11D3-BF4B-00C04F79EFBC}") = "BlazorDictionary.Api", "src\Server\Api\BlazorDictionary.Api\BlazorDictionary.Api.csproj", "{F30444C5-FA91-46FF-BD70-1FC0F37AD834}"
EndProject
Project("{FAE04EC0-301F-11D3-BF4B-00C04F79EFBC}") = "BlazorDictionary.Common", "src\Common\BlazorDictionary.Common\BlazorDictionary.Common.csproj", "{02291411-D3A7-4387-8F93-F2FA894E5177}"
EndProject
Global
	GlobalSection(SolutionConfigurationPlatforms) = preSolution
		Debug|Any CPU = Debug|Any CPU
		Release|Any CPU = Release|Any CPU
	EndGlobalSection
	GlobalSection(ProjectConfigurationPlatforms) = postSolution
		{F30444C5-FA91-46FF-BD70-1FC0F37AD834}.Debug|Any CPU.ActiveCfg = Debug|Any CPU
		{F30444C5-FA91-46FF-BD70-1FC0F37AD834}.Debug|Any CPU.Build.0 = Debug|Any CPU
		{F30444C5-FA91-46FF-BD70-1FC0F37AD834}.Release|Any CPU.ActiveCfg = Release|Any CPU
		{F30444C5-FA91-46FF-BD70-1FC0F37AD834}.Release|Any CPU.Build.0 = Release|Any CPU
		{02291411-D3A7-4387-8F93-F2FA894E5177}.Debug|Any CPU.ActiveCfg = Debug|Any CPU
		{02291411-D3A7-4387-8F93-F2FA894E5177}.Debug|Any CPU.Build.0 = Debug|Any CPU
		{02291411-D3A7-4387-8F93-F2FA894E5177}.Release|Any CPU.ActiveCfg = Release|Any CPU
		{02291411-D3A7-4387-8F93-F2FA894E5177}.Release|Any CPU.Build.0 = Release|Any CPU
	EndGlobalSection
	GlobalSection(SolutionProperties) = preSolution
		HideSolutionNode = FALSE
	EndGlobalSection
	GlobalSection(NestedProjects) = preSolution
		{CE711755-8509-4DC1-B128-95A82DD84986} = {A016F021-85E1-4A4A-8D30-254840EA4593}
		{827900EE-742B-4DA2-9456-BC807C35B543} = {A016F021-85E1-4A4A-8D30-254840EA4593}
		{B9F58C1B-84CC-43E9-8B6B-205D8F6D5E5A} = {A016F021-85E1-4A4A-8D30-254840EA4593}
		{A7217D4C-D748-47E0-BAC0-CC1044A99EB1} = {A016F021-85E1-4A4A-8D30-254840EA4593}
		{E844E86F-27FB-4587-BB92-45BB38DDB5CC} = {A7217D4C-D748-47E0-BAC0-CC1044A99EB1}
		{DF86123F-83F8-4ADD-ABDE-8BAA2A92EC38} = {A7217D4C-D748-47E0-BAC0-CC1044A99EB1}
		{96BC4B38-17C5-4346-A82E-BFDDD2ABDA46} = {A7217D4C-D748-47E0-BAC0-CC1044A99EB1}
		{F30444C5-FA91-46FF-BD70-1FC0F37AD834} = {E844E86F-27FB-4587-BB92-45BB38DDB5CC}
		{02291411-D3A7-4387-8F93-F2FA894E5177} = {827900EE-742B-4DA2-9456-BC807C35B543}
	EndGlobalSection
	GlobalSection(ExtensibilityGlobals) = postSolution
		SolutionGuid = {FC1E6900-330A-4670-BFDA-701D8FDB446B}
	EndGlobalSection
EndGlobal
